
Microsoft Visual Studio Solution File, Format Version 12.00
# Visual Studio Version 17
VisualStudioVersion = 17.4.33213.308
MinimumVisualStudioVersion = 10.0.40219.1
Project("{FAE04EC0-301F-11D3-BF4B-00C04F79EFBC}") = "Lab Assingmentp5_6422771251", "Lab Assingmentp5_6422771251\Lab Assingmentp5_6422771251.csproj", "{FC12B49A-50EB-4687-B883-22787A5E4F73}"
EndProject
Global
	GlobalSection(SolutionConfigurationPlatforms) = preSolution
		Debug|Any CPU = Debug|Any CPU
		Release|Any CPU = Release|Any CPU
	EndGlobalSection
	GlobalSection(ProjectConfigurationPlatforms) = postSolution
		{FC12B49A-50EB-4687-B883-22787A5E4F73}.Debug|Any CPU.ActiveCfg = Debug|Any CPU
		{FC12B49A-50EB-4687-B883-22787A5E4F73}.Debug|Any CPU.Build.0 = Debug|Any CPU
		{FC12B49A-50EB-4687-B883-22787A5E4F73}.Release|Any CPU.ActiveCfg = Release|Any CPU
		{FC12B49A-50EB-4687-B883-22787A5E4F73}.Release|Any CPU.Build.0 = Release|Any CPU
	EndGlobalSection
	GlobalSection(SolutionProperties) = preSolution
		HideSolutionNode = FALSE
	EndGlobalSection
	GlobalSection(ExtensibilityGlobals) = postSolution
		SolutionGuid = {94A97E7F-C293-481D-8B03-3AF9147A68AB}
	EndGlobalSection
EndGlobal
