
Microsoft Visual Studio Solution File, Format Version 12.00
# Visual Studio Version 17
VisualStudioVersion = 17.4.33213.308
MinimumVisualStudioVersion = 10.0.40219.1
Project("{FAE04EC0-301F-11D3-BF4B-00C04F79EFBC}") = "Lab Assingmentp4_6422771251", "Lab Assingmentp4_6422771251\Lab Assingmentp4_6422771251.csproj", "{C7BA5EB2-4B2A-46FD-B720-716E36C37429}"
EndProject
Global
	GlobalSection(SolutionConfigurationPlatforms) = preSolution
		Debug|Any CPU = Debug|Any CPU
		Release|Any CPU = Release|Any CPU
	EndGlobalSection
	GlobalSection(ProjectConfigurationPlatforms) = postSolution
		{C7BA5EB2-4B2A-46FD-B720-716E36C37429}.Debug|Any CPU.ActiveCfg = Debug|Any CPU
		{C7BA5EB2-4B2A-46FD-B720-716E36C37429}.Debug|Any CPU.Build.0 = Debug|Any CPU
		{C7BA5EB2-4B2A-46FD-B720-716E36C37429}.Release|Any CPU.ActiveCfg = Release|Any CPU
		{C7BA5EB2-4B2A-46FD-B720-716E36C37429}.Release|Any CPU.Build.0 = Release|Any CPU
	EndGlobalSection
	GlobalSection(SolutionProperties) = preSolution
		HideSolutionNode = FALSE
	EndGlobalSection
	GlobalSection(ExtensibilityGlobals) = postSolution
		SolutionGuid = {B1B348D6-5040-4E5D-A2C4-051C086F7324}
	EndGlobalSection
EndGlobal
